
Microsoft Visual Studio Solution File, Format Version 12.00
# Visual Studio 14
VisualStudioVersion = 14.0.25420.1
MinimumVisualStudioVersion = 10.0.40219.1
Project("{2150E333-8FDC-42A3-9474-1A3956D46DE8}") = "src", "src", "{7716282C-A1BD-4CFA-91CC-3631F0DD18E3}"
EndProject
Project("{2150E333-8FDC-42A3-9474-1A3956D46DE8}") = "Solution Items", "Solution Items", "{795494F2-4FE1-4E66-B0A6-6312F0050980}"
	ProjectSection(SolutionItems) = preProject
		global.json = global.json
	EndProjectSection
EndProject
Project("{8BB2217D-0F2D-49D1-97BC-3654ED321F3B}") = "WADAssignment1", "src\WADAssignment1\WADAssignment1.xproj", "{B60DAF28-C9FE-492F-AB09-68C8A415BD55}"
EndProject
Global
	GlobalSection(SolutionConfigurationPlatforms) = preSolution
		Debug|Any CPU = Debug|Any CPU
		Release|Any CPU = Release|Any CPU
	EndGlobalSection
	GlobalSection(ProjectConfigurationPlatforms) = postSolution
		{B60DAF28-C9FE-492F-AB09-68C8A415BD55}.Debug|Any CPU.ActiveCfg = Debug|Any CPU
		{B60DAF28-C9FE-492F-AB09-68C8A415BD55}.Debug|Any CPU.Build.0 = Debug|Any CPU
		{B60DAF28-C9FE-492F-AB09-68C8A415BD55}.Release|Any CPU.ActiveCfg = Release|Any CPU
		{B60DAF28-C9FE-492F-AB09-68C8A415BD55}.Release|Any CPU.Build.0 = Release|Any CPU
	EndGlobalSection
	GlobalSection(SolutionProperties) = preSolution
		HideSolutionNode = FALSE
	EndGlobalSection
	GlobalSection(NestedProjects) = preSolution
		{B60DAF28-C9FE-492F-AB09-68C8A415BD55} = {7716282C-A1BD-4CFA-91CC-3631F0DD18E3}
	EndGlobalSection
EndGlobal
